// !$*UTF8*$!
{
	archiveVersion = 1;
	classes = {
	};
	objectVersion = 56;
	objects = {

/* Begin PBXBuildFile section */
		9019E8622B3BE6030029E446 /* P2630.swift in Sources */ = {isa = PBXBuildFile; fileRef = 9019E8612B3BE6030029E446 /* P2630.swift */; };
		902FB9EA2B2C00ED000D9FB0 /* 타겟넘버.swift in Sources */ = {isa = PBXBuildFile; fileRef = 902FB9E92B2C00ED000D9FB0 /* 타겟넘버.swift */; };
		902FB9EC2B2C0647000D9FB0 /* 네트워크.swift in Sources */ = {isa = PBXBuildFile; fileRef = 902FB9EB2B2C0647000D9FB0 /* 네트워크.swift */; };
		902FB9EE2B2C0FAE000D9FB0 /* 단어변환.swift in Sources */ = {isa = PBXBuildFile; fileRef = 902FB9ED2B2C0FAE000D9FB0 /* 단어변환.swift */; };
		902FB9F12B2C2532000D9FB0 /* 9095.swift in Sources */ = {isa = PBXBuildFile; fileRef = 902FB9F02B2C2532000D9FB0 /* 9095.swift */; };
		902FB9F32B2C2881000D9FB0 /* 2839.swift in Sources */ = {isa = PBXBuildFile; fileRef = 902FB9F22B2C2881000D9FB0 /* 2839.swift */; };
		902FB9F52B2C2EC9000D9FB0 /* 12865.swift in Sources */ = {isa = PBXBuildFile; fileRef = 902FB9F42B2C2EC9000D9FB0 /* 12865.swift */; };
		902FB9F72B2C6F2B000D9FB0 /* 2293.swift in Sources */ = {isa = PBXBuildFile; fileRef = 902FB9F62B2C6F2B000D9FB0 /* 2293.swift */; };
		90B4A6922B28C286004B2DF6 /* main.swift in Sources */ = {isa = PBXBuildFile; fileRef = 90B4A6912B28C286004B2DF6 /* main.swift */; };
		90B4A69A2B28C2E8004B2DF6 /* book.swift in Sources */ = {isa = PBXBuildFile; fileRef = 90B4A6992B28C2E8004B2DF6 /* book.swift */; };
		90B4A69C2B28C58B004B2DF6 /* 1012.swift in Sources */ = {isa = PBXBuildFile; fileRef = 90B4A69B2B28C58B004B2DF6 /* 1012.swift */; };
		90B4A69E2B28C661004B2DF6 /* 2178 최단경로.swift in Sources */ = {isa = PBXBuildFile; fileRef = 90B4A69D2B28C661004B2DF6 /* 2178 최단경로.swift */; };
		90C451BB2B2F1BEC0062EF85 /* 문자열슬라이싱.swift in Sources */ = {isa = PBXBuildFile; fileRef = 90C451BA2B2F1BEC0062EF85 /* 문자열슬라이싱.swift */; };
		90D3D0212B2D357900E290A8 /* 의상.swift in Sources */ = {isa = PBXBuildFile; fileRef = 90D3D0202B2D357900E290A8 /* 의상.swift */; };
		90D3D0232B2D7FB900E290A8 /* skillCheck1.swift in Sources */ = {isa = PBXBuildFile; fileRef = 90D3D0222B2D7FB900E290A8 /* skillCheck1.swift */; };
		90D3D0252B2D85B500E290A8 /* skillCheck2.swift in Sources */ = {isa = PBXBuildFile; fileRef = 90D3D0242B2D85B500E290A8 /* skillCheck2.swift */; };
		90D3D0282B2D8D3400E290A8 /* p15649.swift in Sources */ = {isa = PBXBuildFile; fileRef = 90D3D0272B2D8D3400E290A8 /* p15649.swift */; };
		90D62D5A2B3018EF00EAC132 /* 10부제.swift in Sources */ = {isa = PBXBuildFile; fileRef = 90D62D592B3018EF00EAC132 /* 10부제.swift */; };
		90D62D5C2B301A4B00EAC132 /* 홀수.swift in Sources */ = {isa = PBXBuildFile; fileRef = 90D62D5B2B301A4B00EAC132 /* 홀수.swift */; };
		90D62D5E2B301B9700EAC132 /* 최대최소.swift in Sources */ = {isa = PBXBuildFile; fileRef = 90D62D5D2B301B9700EAC132 /* 최대최소.swift */; };
		90D62D602B301CBA00EAC132 /* 일곱난쟁이.swift in Sources */ = {isa = PBXBuildFile; fileRef = 90D62D5F2B301CBA00EAC132 /* 일곱난쟁이.swift */; };
		90D62D622B30212000EAC132 /* 대표값.swift in Sources */ = {isa = PBXBuildFile; fileRef = 90D62D612B30212000EAC132 /* 대표값.swift */; };
		90D62D642B30229600EAC132 /* 단어공부.swift in Sources */ = {isa = PBXBuildFile; fileRef = 90D62D632B30229600EAC132 /* 단어공부.swift */; };
		90D62D662B30295300EAC132 /* 스택.swift in Sources */ = {isa = PBXBuildFile; fileRef = 90D62D652B30295300EAC132 /* 스택.swift */; };
		90D62D682B302B3400EAC132 /* 덱.swift in Sources */ = {isa = PBXBuildFile; fileRef = 90D62D672B302B3300EAC132 /* 덱.swift */; };
		90D62D6A2B302FC100EAC132 /* 일로만들기.swift in Sources */ = {isa = PBXBuildFile; fileRef = 90D62D692B302FC100EAC132 /* 일로만들기.swift */; };
		90D62D6C2B30327E00EAC132 /* 삼각형만들기.swift in Sources */ = {isa = PBXBuildFile; fileRef = 90D62D6B2B30327E00EAC132 /* 삼각형만들기.swift */; };
/* End PBXBuildFile section */

/* Begin PBXCopyFilesBuildPhase section */
		90B4A68C2B28C286004B2DF6 /* CopyFiles */ = {
			isa = PBXCopyFilesBuildPhase;
			buildActionMask = 2147483647;
			dstPath = /usr/share/man/man1/;
			dstSubfolderSpec = 0;
			files = (
			);
			runOnlyForDeploymentPostprocessing = 1;
		};
/* End PBXCopyFilesBuildPhase section */

/* Begin PBXFileReference section */
		9019E8612B3BE6030029E446 /* P2630.swift */ = {isa = PBXFileReference; lastKnownFileType = sourcecode.swift; path = P2630.swift; sourceTree = "<group>"; };
		902FB9E92B2C00ED000D9FB0 /* 타겟넘버.swift */ = {isa = PBXFileReference; lastKnownFileType = sourcecode.swift; path = "타겟넘버.swift"; sourceTree = "<group>"; };
		902FB9EB2B2C0647000D9FB0 /* 네트워크.swift */ = {isa = PBXFileReference; lastKnownFileType = sourcecode.swift; path = "네트워크.swift"; sourceTree = "<group>"; };
		902FB9ED2B2C0FAE000D9FB0 /* 단어변환.swift */ = {isa = PBXFileReference; lastKnownFileType = sourcecode.swift; path = "단어변환.swift"; sourceTree = "<group>"; };
		902FB9F02B2C2532000D9FB0 /* 9095.swift */ = {isa = PBXFileReference; lastKnownFileType = sourcecode.swift; path = 9095.swift; sourceTree = "<group>"; };
		902FB9F22B2C2881000D9FB0 /* 2839.swift */ = {isa = PBXFileReference; lastKnownFileType = sourcecode.swift; path = 2839.swift; sourceTree = "<group>"; };
		902FB9F42B2C2EC9000D9FB0 /* 12865.swift */ = {isa = PBXFileReference; lastKnownFileType = sourcecode.swift; path = 12865.swift; sourceTree = "<group>"; };
		902FB9F62B2C6F2B000D9FB0 /* 2293.swift */ = {isa = PBXFileReference; lastKnownFileType = sourcecode.swift; path = 2293.swift; sourceTree = "<group>"; };
		90B4A68E2B28C286004B2DF6 /* CodingTest */ = {isa = PBXFileReference; explicitFileType = "compiled.mach-o.executable"; includeInIndex = 0; path = CodingTest; sourceTree = BUILT_PRODUCTS_DIR; };
		90B4A6912B28C286004B2DF6 /* main.swift */ = {isa = PBXFileReference; lastKnownFileType = sourcecode.swift; path = main.swift; sourceTree = "<group>"; };
		90B4A6992B28C2E8004B2DF6 /* book.swift */ = {isa = PBXFileReference; lastKnownFileType = sourcecode.swift; path = book.swift; sourceTree = "<group>"; };
		90B4A69B2B28C58B004B2DF6 /* 1012.swift */ = {isa = PBXFileReference; lastKnownFileType = sourcecode.swift; path = 1012.swift; sourceTree = "<group>"; };
		90B4A69D2B28C661004B2DF6 /* 2178 최단경로.swift */ = {isa = PBXFileReference; lastKnownFileType = sourcecode.swift; path = "2178 최단경로.swift"; sourceTree = "<group>"; };
		90C451BA2B2F1BEC0062EF85 /* 문자열슬라이싱.swift */ = {isa = PBXFileReference; lastKnownFileType = sourcecode.swift; path = "문자열슬라이싱.swift"; sourceTree = "<group>"; };
		90D3D0202B2D357900E290A8 /* 의상.swift */ = {isa = PBXFileReference; lastKnownFileType = sourcecode.swift; path = "의상.swift"; sourceTree = "<group>"; };
		90D3D0222B2D7FB900E290A8 /* skillCheck1.swift */ = {isa = PBXFileReference; lastKnownFileType = sourcecode.swift; path = skillCheck1.swift; sourceTree = "<group>"; };
		90D3D0242B2D85B500E290A8 /* skillCheck2.swift */ = {isa = PBXFileReference; lastKnownFileType = sourcecode.swift; path = skillCheck2.swift; sourceTree = "<group>"; };
		90D3D0272B2D8D3400E290A8 /* p15649.swift */ = {isa = PBXFileReference; lastKnownFileType = sourcecode.swift; path = p15649.swift; sourceTree = "<group>"; };
		90D62D592B3018EF00EAC132 /* 10부제.swift */ = {isa = PBXFileReference; lastKnownFileType = sourcecode.swift; path = "10부제.swift"; sourceTree = "<group>"; };
		90D62D5B2B301A4B00EAC132 /* 홀수.swift */ = {isa = PBXFileReference; lastKnownFileType = sourcecode.swift; path = "홀수.swift"; sourceTree = "<group>"; };
		90D62D5D2B301B9700EAC132 /* 최대최소.swift */ = {isa = PBXFileReference; lastKnownFileType = sourcecode.swift; path = "최대최소.swift"; sourceTree = "<group>"; };
		90D62D5F2B301CBA00EAC132 /* 일곱난쟁이.swift */ = {isa = PBXFileReference; lastKnownFileType = sourcecode.swift; path = "일곱난쟁이.swift"; sourceTree = "<group>"; };
		90D62D612B30212000EAC132 /* 대표값.swift */ = {isa = PBXFileReference; lastKnownFileType = sourcecode.swift; path = "대표값.swift"; sourceTree = "<group>"; };
		90D62D632B30229600EAC132 /* 단어공부.swift */ = {isa = PBXFileReference; lastKnownFileType = sourcecode.swift; path = "단어공부.swift"; sourceTree = "<group>"; };
		90D62D652B30295300EAC132 /* 스택.swift */ = {isa = PBXFileReference; lastKnownFileType = sourcecode.swift; path = "스택.swift"; sourceTree = "<group>"; };
		90D62D672B302B3300EAC132 /* 덱.swift */ = {isa = PBXFileReference; lastKnownFileType = sourcecode.swift; path = "덱.swift"; sourceTree = "<group>"; };
		90D62D692B302FC100EAC132 /* 일로만들기.swift */ = {isa = PBXFileReference; lastKnownFileType = sourcecode.swift; path = "일로만들기.swift"; sourceTree = "<group>"; };
		90D62D6B2B30327E00EAC132 /* 삼각형만들기.swift */ = {isa = PBXFileReference; lastKnownFileType = sourcecode.swift; path = "삼각형만들기.swift"; sourceTree = "<group>"; };
/* End PBXFileReference section */

/* Begin PBXFrameworksBuildPhase section */
		90B4A68B2B28C286004B2DF6 /* Frameworks */ = {
			isa = PBXFrameworksBuildPhase;
			buildActionMask = 2147483647;
			files = (
			);
			runOnlyForDeploymentPostprocessing = 0;
		};
/* End PBXFrameworksBuildPhase section */

/* Begin PBXGroup section */
		9019E85F2B3BE5DD0029E446 /* 분할정복 */ = {
			isa = PBXGroup;
			children = (
				9019E8612B3BE6030029E446 /* P2630.swift */,
			);
			name = "분할정복";
			path = "분할정복";
			sourceTree = "<group>";
		};
		9019E8602B3BE5E60029E446 /* ETC */ = {
			isa = PBXGroup;
			children = (
				90D3D0202B2D357900E290A8 /* 의상.swift */,
				90D3D0222B2D7FB900E290A8 /* skillCheck1.swift */,
				90D3D0242B2D85B500E290A8 /* skillCheck2.swift */,
				90C451BA2B2F1BEC0062EF85 /* 문자열슬라이싱.swift */,
			);
			path = ETC;
			sourceTree = "<group>";
		};
		902FB9EF2B2C2527000D9FB0 /* DP */ = {
			isa = PBXGroup;
			children = (
				902FB9F02B2C2532000D9FB0 /* 9095.swift */,
				902FB9F22B2C2881000D9FB0 /* 2839.swift */,
				902FB9F42B2C2EC9000D9FB0 /* 12865.swift */,
				902FB9F62B2C6F2B000D9FB0 /* 2293.swift */,
			);
			path = DP;
			sourceTree = "<group>";
		};
		90B4A6852B28C286004B2DF6 = {
			isa = PBXGroup;
			children = (
				90B4A6902B28C286004B2DF6 /* CodingTest */,
				90B4A68F2B28C286004B2DF6 /* Products */,
			);
			sourceTree = "<group>";
		};
		90B4A68F2B28C286004B2DF6 /* Products */ = {
			isa = PBXGroup;
			children = (
				90B4A68E2B28C286004B2DF6 /* CodingTest */,
			);
			name = Products;
			sourceTree = "<group>";
		};
		90B4A6902B28C286004B2DF6 /* CodingTest */ = {
			isa = PBXGroup;
			children = (
				9019E8602B3BE5E60029E446 /* ETC */,
				9019E85F2B3BE5DD0029E446 /* 분할정복 */,
				90D62D582B3018DD00EAC132 /* 기업 알고리즘 테스트 유형 */,
				90D3D0262B2D8D2300E290A8 /* BackTracking */,
				902FB9EF2B2C2527000D9FB0 /* DP */,
				90B4A6982B28C2DA004B2DF6 /* BFS */,
				90B4A6912B28C286004B2DF6 /* main.swift */,
			);
			path = CodingTest;
			sourceTree = "<group>";
		};
		90B4A6982B28C2DA004B2DF6 /* BFS */ = {
			isa = PBXGroup;
			children = (
				90B4A6992B28C2E8004B2DF6 /* book.swift */,
				90B4A69B2B28C58B004B2DF6 /* 1012.swift */,
				90B4A69D2B28C661004B2DF6 /* 2178 최단경로.swift */,
				902FB9E92B2C00ED000D9FB0 /* 타겟넘버.swift */,
				902FB9EB2B2C0647000D9FB0 /* 네트워크.swift */,
				902FB9ED2B2C0FAE000D9FB0 /* 단어변환.swift */,
			);
			path = BFS;
			sourceTree = "<group>";
		};
		90D3D0262B2D8D2300E290A8 /* BackTracking */ = {
			isa = PBXGroup;
			children = (
				90D3D0272B2D8D3400E290A8 /* p15649.swift */,
			);
			path = BackTracking;
			sourceTree = "<group>";
		};
		90D62D582B3018DD00EAC132 /* 기업 알고리즘 테스트 유형 */ = {
			isa = PBXGroup;
			children = (
				90D62D592B3018EF00EAC132 /* 10부제.swift */,
				90D62D5B2B301A4B00EAC132 /* 홀수.swift */,
				90D62D5D2B301B9700EAC132 /* 최대최소.swift */,
				90D62D5F2B301CBA00EAC132 /* 일곱난쟁이.swift */,
				90D62D612B30212000EAC132 /* 대표값.swift */,
				90D62D632B30229600EAC132 /* 단어공부.swift */,
				90D62D652B30295300EAC132 /* 스택.swift */,
				90D62D672B302B3300EAC132 /* 덱.swift */,
				90D62D692B302FC100EAC132 /* 일로만들기.swift */,
				90D62D6B2B30327E00EAC132 /* 삼각형만들기.swift */,
			);
			name = "기업 알고리즘 테스트 유형";
			path = "기업 알고리즘 테스트 유형";
			sourceTree = "<group>";
		};
/* End PBXGroup section */

/* Begin PBXNativeTarget section */
		90B4A68D2B28C286004B2DF6 /* CodingTest */ = {
			isa = PBXNativeTarget;
			buildConfigurationList = 90B4A6952B28C286004B2DF6 /* Build configuration list for PBXNativeTarget "CodingTest" */;
			buildPhases = (
				90B4A68A2B28C286004B2DF6 /* Sources */,
				90B4A68B2B28C286004B2DF6 /* Frameworks */,
				90B4A68C2B28C286004B2DF6 /* CopyFiles */,
			);
			buildRules = (
			);
			dependencies = (
			);
			name = CodingTest;
			productName = CodingTest;
			productReference = 90B4A68E2B28C286004B2DF6 /* CodingTest */;
			productType = "com.apple.product-type.tool";
		};
/* End PBXNativeTarget section */

/* Begin PBXProject section */
		90B4A6862B28C286004B2DF6 /* Project object */ = {
			isa = PBXProject;
			attributes = {
				BuildIndependentTargetsInParallel = 1;
				LastSwiftUpdateCheck = 1500;
				LastUpgradeCheck = 1500;
				TargetAttributes = {
					90B4A68D2B28C286004B2DF6 = {
						CreatedOnToolsVersion = 15.0.1;
					};
				};
			};
			buildConfigurationList = 90B4A6892B28C286004B2DF6 /* Build configuration list for PBXProject "CodingTest" */;
			compatibilityVersion = "Xcode 14.0";
			developmentRegion = en;
			hasScannedForEncodings = 0;
			knownRegions = (
				en,
				Base,
			);
			mainGroup = 90B4A6852B28C286004B2DF6;
			productRefGroup = 90B4A68F2B28C286004B2DF6 /* Products */;
			projectDirPath = "";
			projectRoot = "";
			targets = (
				90B4A68D2B28C286004B2DF6 /* CodingTest */,
			);
		};
/* End PBXProject section */

/* Begin PBXSourcesBuildPhase section */
		90B4A68A2B28C286004B2DF6 /* Sources */ = {
			isa = PBXSourcesBuildPhase;
			buildActionMask = 2147483647;
			files = (
				902FB9F52B2C2EC9000D9FB0 /* 12865.swift in Sources */,
				90B4A69A2B28C2E8004B2DF6 /* book.swift in Sources */,
				90D62D5E2B301B9700EAC132 /* 최대최소.swift in Sources */,
				902FB9EE2B2C0FAE000D9FB0 /* 단어변환.swift in Sources */,
				902FB9EA2B2C00ED000D9FB0 /* 타겟넘버.swift in Sources */,
				90D62D682B302B3400EAC132 /* 덱.swift in Sources */,
				90B4A69C2B28C58B004B2DF6 /* 1012.swift in Sources */,
				902FB9F12B2C2532000D9FB0 /* 9095.swift in Sources */,
				90B4A6922B28C286004B2DF6 /* main.swift in Sources */,
				90D3D0282B2D8D3400E290A8 /* p15649.swift in Sources */,
				90D62D6A2B302FC100EAC132 /* 일로만들기.swift in Sources */,
				90D62D6C2B30327E00EAC132 /* 삼각형만들기.swift in Sources */,
				90D3D0212B2D357900E290A8 /* 의상.swift in Sources */,
				90D62D642B30229600EAC132 /* 단어공부.swift in Sources */,
				9019E8622B3BE6030029E446 /* P2630.swift in Sources */,
				902FB9F32B2C2881000D9FB0 /* 2839.swift in Sources */,
				90D3D0232B2D7FB900E290A8 /* skillCheck1.swift in Sources */,
				90D62D5A2B3018EF00EAC132 /* 10부제.swift in Sources */,
				90C451BB2B2F1BEC0062EF85 /* 문자열슬라이싱.swift in Sources */,
				902FB9EC2B2C0647000D9FB0 /* 네트워크.swift in Sources */,
				90D62D622B30212000EAC132 /* 대표값.swift in Sources */,
				902FB9F72B2C6F2B000D9FB0 /* 2293.swift in Sources */,
				90B4A69E2B28C661004B2DF6 /* 2178 최단경로.swift in Sources */,
				90D3D0252B2D85B500E290A8 /* skillCheck2.swift in Sources */,
				90D62D662B30295300EAC132 /* 스택.swift in Sources */,
				90D62D5C2B301A4B00EAC132 /* 홀수.swift in Sources */,
				90D62D602B301CBA00EAC132 /* 일곱난쟁이.swift in Sources */,
			);
			runOnlyForDeploymentPostprocessing = 0;
		};
/* End PBXSourcesBuildPhase section */

/* Begin XCBuildConfiguration section */
		90B4A6932B28C286004B2DF6 /* Debug */ = {
			isa = XCBuildConfiguration;
			buildSettings = {
				ALWAYS_SEARCH_USER_PATHS = NO;
				ASSETCATALOG_COMPILER_GENERATE_SWIFT_ASSET_SYMBOL_EXTENSIONS = YES;
				CLANG_ANALYZER_NONNULL = YES;
				CLANG_ANALYZER_NUMBER_OBJECT_CONVERSION = YES_AGGRESSIVE;
				CLANG_CXX_LANGUAGE_STANDARD = "gnu++20";
				CLANG_ENABLE_MODULES = YES;
				CLANG_ENABLE_OBJC_ARC = YES;
				CLANG_ENABLE_OBJC_WEAK = YES;
				CLANG_WARN_BLOCK_CAPTURE_AUTORELEASING = YES;
				CLANG_WARN_BOOL_CONVERSION = YES;
				CLANG_WARN_COMMA = YES;
				CLANG_WARN_CONSTANT_CONVERSION = YES;
				CLANG_WARN_DEPRECATED_OBJC_IMPLEMENTATIONS = YES;
				CLANG_WARN_DIRECT_OBJC_ISA_USAGE = YES_ERROR;
				CLANG_WARN_DOCUMENTATION_COMMENTS = YES;
				CLANG_WARN_EMPTY_BODY = YES;
				CLANG_WARN_ENUM_CONVERSION = YES;
				CLANG_WARN_INFINITE_RECURSION = YES;
				CLANG_WARN_INT_CONVERSION = YES;
				CLANG_WARN_NON_LITERAL_NULL_CONVERSION = YES;
				CLANG_WARN_OBJC_IMPLICIT_RETAIN_SELF = YES;
				CLANG_WARN_OBJC_LITERAL_CONVERSION = YES;
				CLANG_WARN_OBJC_ROOT_CLASS = YES_ERROR;
				CLANG_WARN_QUOTED_INCLUDE_IN_FRAMEWORK_HEADER = YES;
				CLANG_WARN_RANGE_LOOP_ANALYSIS = YES;
				CLANG_WARN_STRICT_PROTOTYPES = YES;
				CLANG_WARN_SUSPICIOUS_MOVE = YES;
				CLANG_WARN_UNGUARDED_AVAILABILITY = YES_AGGRESSIVE;
				CLANG_WARN_UNREACHABLE_CODE = YES;
				CLANG_WARN__DUPLICATE_METHOD_MATCH = YES;
				COPY_PHASE_STRIP = NO;
				DEBUG_INFORMATION_FORMAT = dwarf;
				ENABLE_STRICT_OBJC_MSGSEND = YES;
				ENABLE_TESTABILITY = YES;
				ENABLE_USER_SCRIPT_SANDBOXING = YES;
				GCC_C_LANGUAGE_STANDARD = gnu17;
				GCC_DYNAMIC_NO_PIC = NO;
				GCC_NO_COMMON_BLOCKS = YES;
				GCC_OPTIMIZATION_LEVEL = 0;
				GCC_PREPROCESSOR_DEFINITIONS = (
					"DEBUG=1",
					"$(inherited)",
				);
				GCC_WARN_64_TO_32_BIT_CONVERSION = YES;
				GCC_WARN_ABOUT_RETURN_TYPE = YES_ERROR;
				GCC_WARN_UNDECLARED_SELECTOR = YES;
				GCC_WARN_UNINITIALIZED_AUTOS = YES_AGGRESSIVE;
				GCC_WARN_UNUSED_FUNCTION = YES;
				GCC_WARN_UNUSED_VARIABLE = YES;
				LOCALIZATION_PREFERS_STRING_CATALOGS = YES;
				MACOSX_DEPLOYMENT_TARGET = 14.0;
				MTL_ENABLE_DEBUG_INFO = INCLUDE_SOURCE;
				MTL_FAST_MATH = YES;
				ONLY_ACTIVE_ARCH = YES;
				SDKROOT = macosx;
				SWIFT_ACTIVE_COMPILATION_CONDITIONS = "DEBUG $(inherited)";
				SWIFT_OPTIMIZATION_LEVEL = "-Onone";
			};
			name = Debug;
		};
		90B4A6942B28C286004B2DF6 /* Release */ = {
			isa = XCBuildConfiguration;
			buildSettings = {
				ALWAYS_SEARCH_USER_PATHS = NO;
				ASSETCATALOG_COMPILER_GENERATE_SWIFT_ASSET_SYMBOL_EXTENSIONS = YES;
				CLANG_ANALYZER_NONNULL = YES;
				CLANG_ANALYZER_NUMBER_OBJECT_CONVERSION = YES_AGGRESSIVE;
				CLANG_CXX_LANGUAGE_STANDARD = "gnu++20";
				CLANG_ENABLE_MODULES = YES;
				CLANG_ENABLE_OBJC_ARC = YES;
				CLANG_ENABLE_OBJC_WEAK = YES;
				CLANG_WARN_BLOCK_CAPTURE_AUTORELEASING = YES;
				CLANG_WARN_BOOL_CONVERSION = YES;
				CLANG_WARN_COMMA = YES;
				CLANG_WARN_CONSTANT_CONVERSION = YES;
				CLANG_WARN_DEPRECATED_OBJC_IMPLEMENTATIONS = YES;
				CLANG_WARN_DIRECT_OBJC_ISA_USAGE = YES_ERROR;
				CLANG_WARN_DOCUMENTATION_COMMENTS = YES;
				CLANG_WARN_EMPTY_BODY = YES;
				CLANG_WARN_ENUM_CONVERSION = YES;
				CLANG_WARN_INFINITE_RECURSION = YES;
				CLANG_WARN_INT_CONVERSION = YES;
				CLANG_WARN_NON_LITERAL_NULL_CONVERSION = YES;
				CLANG_WARN_OBJC_IMPLICIT_RETAIN_SELF = YES;
				CLANG_WARN_OBJC_LITERAL_CONVERSION = YES;
				CLANG_WARN_OBJC_ROOT_CLASS = YES_ERROR;
				CLANG_WARN_QUOTED_INCLUDE_IN_FRAMEWORK_HEADER = YES;
				CLANG_WARN_RANGE_LOOP_ANALYSIS = YES;
				CLANG_WARN_STRICT_PROTOTYPES = YES;
				CLANG_WARN_SUSPICIOUS_MOVE = YES;
				CLANG_WARN_UNGUARDED_AVAILABILITY = YES_AGGRESSIVE;
				CLANG_WARN_UNREACHABLE_CODE = YES;
				CLANG_WARN__DUPLICATE_METHOD_MATCH = YES;
				COPY_PHASE_STRIP = NO;
				DEBUG_INFORMATION_FORMAT = "dwarf-with-dsym";
				ENABLE_NS_ASSERTIONS = NO;
				ENABLE_STRICT_OBJC_MSGSEND = YES;
				ENABLE_USER_SCRIPT_SANDBOXING = YES;
				GCC_C_LANGUAGE_STANDARD = gnu17;
				GCC_NO_COMMON_BLOCKS = YES;
				GCC_WARN_64_TO_32_BIT_CONVERSION = YES;
				GCC_WARN_ABOUT_RETURN_TYPE = YES_ERROR;
				GCC_WARN_UNDECLARED_SELECTOR = YES;
				GCC_WARN_UNINITIALIZED_AUTOS = YES_AGGRESSIVE;
				GCC_WARN_UNUSED_FUNCTION = YES;
				GCC_WARN_UNUSED_VARIABLE = YES;
				LOCALIZATION_PREFERS_STRING_CATALOGS = YES;
				MACOSX_DEPLOYMENT_TARGET = 14.0;
				MTL_ENABLE_DEBUG_INFO = NO;
				MTL_FAST_MATH = YES;
				SDKROOT = macosx;
				SWIFT_COMPILATION_MODE = wholemodule;
			};
			name = Release;
		};
		90B4A6962B28C286004B2DF6 /* Debug */ = {
			isa = XCBuildConfiguration;
			buildSettings = {
				CODE_SIGN_STYLE = Automatic;
				PRODUCT_NAME = "$(TARGET_NAME)";
				SWIFT_VERSION = 5.0;
			};
			name = Debug;
		};
		90B4A6972B28C286004B2DF6 /* Release */ = {
			isa = XCBuildConfiguration;
			buildSettings = {
				CODE_SIGN_STYLE = Automatic;
				PRODUCT_NAME = "$(TARGET_NAME)";
				SWIFT_VERSION = 5.0;
			};
			name = Release;
		};
/* End XCBuildConfiguration section */

/* Begin XCConfigurationList section */
		90B4A6892B28C286004B2DF6 /* Build configuration list for PBXProject "CodingTest" */ = {
			isa = XCConfigurationList;
			buildConfigurations = (
				90B4A6932B28C286004B2DF6 /* Debug */,
				90B4A6942B28C286004B2DF6 /* Release */,
			);
			defaultConfigurationIsVisible = 0;
			defaultConfigurationName = Release;
		};
		90B4A6952B28C286004B2DF6 /* Build configuration list for PBXNativeTarget "CodingTest" */ = {
			isa = XCConfigurationList;
			buildConfigurations = (
				90B4A6962B28C286004B2DF6 /* Debug */,
				90B4A6972B28C286004B2DF6 /* Release */,
			);
			defaultConfigurationIsVisible = 0;
			defaultConfigurationName = Release;
		};
/* End XCConfigurationList section */
	};
	rootObject = 90B4A6862B28C286004B2DF6 /* Project object */;
}
